// !$*UTF8*$!
{
	archiveVersion = 1;
	classes = {
	};
	objectVersion = 46;
	objects = {

/* Begin PBXBuildFile section */
		92A33CC915BFAED300F46B97 /* Foundation.framework in Frameworks */ = {isa = PBXBuildFile; fileRef = 92A33CC815BFAED300F46B97 /* Foundation.framework */; };
		92A33CCF15BFAED300F46B97 /* MTAsana.m in Sources */ = {isa = PBXBuildFile; fileRef = 92A33CCE15BFAED300F46B97 /* MTAsana.m */; };
		92A33CD715BFAED300F46B97 /* SenTestingKit.framework in Frameworks */ = {isa = PBXBuildFile; fileRef = 92A33CD615BFAED300F46B97 /* SenTestingKit.framework */; };
		92A33CD915BFAED300F46B97 /* UIKit.framework in Frameworks */ = {isa = PBXBuildFile; fileRef = 92A33CD815BFAED300F46B97 /* UIKit.framework */; };
		92A33CDA15BFAED300F46B97 /* Foundation.framework in Frameworks */ = {isa = PBXBuildFile; fileRef = 92A33CC815BFAED300F46B97 /* Foundation.framework */; };
		92A33CDD15BFAED300F46B97 /* libanasa.a in Frameworks */ = {isa = PBXBuildFile; fileRef = 92A33CC515BFAED300F46B97 /* libanasa.a */; };
		92A33CE315BFAED300F46B97 /* InfoPlist.strings in Resources */ = {isa = PBXBuildFile; fileRef = 92A33CE115BFAED300F46B97 /* InfoPlist.strings */; };
		92A33CE615BFAED300F46B97 /* anasaTests.m in Sources */ = {isa = PBXBuildFile; fileRef = 92A33CE515BFAED300F46B97 /* anasaTests.m */; };
		92A33CF115BFB54100F46B97 /* NSData+Base64.h in Headers */ = {isa = PBXBuildFile; fileRef = 92A33CEF15BFB54100F46B97 /* NSData+Base64.h */; };
		92A33CF215BFB54100F46B97 /* NSData+Base64.m in Sources */ = {isa = PBXBuildFile; fileRef = 92A33CF015BFB54100F46B97 /* NSData+Base64.m */; };
		92A33CF315BFB6C600F46B97 /* NSData+Base64.m in Sources */ = {isa = PBXBuildFile; fileRef = 92A33CF015BFB54100F46B97 /* NSData+Base64.m */; };
		92A33D1915C01EF100F46B97 /* NSObject+SBJson.h in Headers */ = {isa = PBXBuildFile; fileRef = 92A33D0015C01EF100F46B97 /* NSObject+SBJson.h */; };
		92A33D1A15C01EF100F46B97 /* NSObject+SBJson.m in Sources */ = {isa = PBXBuildFile; fileRef = 92A33D0115C01EF100F46B97 /* NSObject+SBJson.m */; };
		92A33D1B15C01EF100F46B97 /* NSObject+SBJson.m in Sources */ = {isa = PBXBuildFile; fileRef = 92A33D0115C01EF100F46B97 /* NSObject+SBJson.m */; };
		92A33D1C15C01EF100F46B97 /* SBJson.h in Headers */ = {isa = PBXBuildFile; fileRef = 92A33D0215C01EF100F46B97 /* SBJson.h */; };
		92A33D1D15C01EF100F46B97 /* SBJsonParser.h in Headers */ = {isa = PBXBuildFile; fileRef = 92A33D0315C01EF100F46B97 /* SBJsonParser.h */; };
		92A33D1E15C01EF100F46B97 /* SBJsonParser.m in Sources */ = {isa = PBXBuildFile; fileRef = 92A33D0415C01EF100F46B97 /* SBJsonParser.m */; };
		92A33D1F15C01EF100F46B97 /* SBJsonParser.m in Sources */ = {isa = PBXBuildFile; fileRef = 92A33D0415C01EF100F46B97 /* SBJsonParser.m */; };
		92A33D2015C01EF100F46B97 /* SBJsonStreamParser.h in Headers */ = {isa = PBXBuildFile; fileRef = 92A33D0515C01EF100F46B97 /* SBJsonStreamParser.h */; };
		92A33D2115C01EF100F46B97 /* SBJsonStreamParser.m in Sources */ = {isa = PBXBuildFile; fileRef = 92A33D0615C01EF100F46B97 /* SBJsonStreamParser.m */; };
		92A33D2215C01EF100F46B97 /* SBJsonStreamParser.m in Sources */ = {isa = PBXBuildFile; fileRef = 92A33D0615C01EF100F46B97 /* SBJsonStreamParser.m */; };
		92A33D2315C01EF100F46B97 /* SBJsonStreamParserAccumulator.h in Headers */ = {isa = PBXBuildFile; fileRef = 92A33D0715C01EF100F46B97 /* SBJsonStreamParserAccumulator.h */; };
		92A33D2415C01EF100F46B97 /* SBJsonStreamParserAccumulator.m in Sources */ = {isa = PBXBuildFile; fileRef = 92A33D0815C01EF100F46B97 /* SBJsonStreamParserAccumulator.m */; };
		92A33D2515C01EF100F46B97 /* SBJsonStreamParserAccumulator.m in Sources */ = {isa = PBXBuildFile; fileRef = 92A33D0815C01EF100F46B97 /* SBJsonStreamParserAccumulator.m */; };
		92A33D2615C01EF100F46B97 /* SBJsonStreamParserAdapter.h in Headers */ = {isa = PBXBuildFile; fileRef = 92A33D0915C01EF100F46B97 /* SBJsonStreamParserAdapter.h */; };
		92A33D2715C01EF100F46B97 /* SBJsonStreamParserAdapter.m in Sources */ = {isa = PBXBuildFile; fileRef = 92A33D0A15C01EF100F46B97 /* SBJsonStreamParserAdapter.m */; };
		92A33D2815C01EF100F46B97 /* SBJsonStreamParserAdapter.m in Sources */ = {isa = PBXBuildFile; fileRef = 92A33D0A15C01EF100F46B97 /* SBJsonStreamParserAdapter.m */; };
		92A33D2915C01EF100F46B97 /* SBJsonStreamParserState.h in Headers */ = {isa = PBXBuildFile; fileRef = 92A33D0B15C01EF100F46B97 /* SBJsonStreamParserState.h */; };
		92A33D2A15C01EF100F46B97 /* SBJsonStreamParserState.m in Sources */ = {isa = PBXBuildFile; fileRef = 92A33D0C15C01EF100F46B97 /* SBJsonStreamParserState.m */; };
		92A33D2B15C01EF100F46B97 /* SBJsonStreamParserState.m in Sources */ = {isa = PBXBuildFile; fileRef = 92A33D0C15C01EF100F46B97 /* SBJsonStreamParserState.m */; };
		92A33D2C15C01EF100F46B97 /* SBJsonStreamWriter.h in Headers */ = {isa = PBXBuildFile; fileRef = 92A33D0D15C01EF100F46B97 /* SBJsonStreamWriter.h */; };
		92A33D2D15C01EF100F46B97 /* SBJsonStreamWriter.m in Sources */ = {isa = PBXBuildFile; fileRef = 92A33D0E15C01EF100F46B97 /* SBJsonStreamWriter.m */; };
		92A33D2E15C01EF100F46B97 /* SBJsonStreamWriter.m in Sources */ = {isa = PBXBuildFile; fileRef = 92A33D0E15C01EF100F46B97 /* SBJsonStreamWriter.m */; };
		92A33D2F15C01EF100F46B97 /* SBJsonStreamWriterAccumulator.h in Headers */ = {isa = PBXBuildFile; fileRef = 92A33D0F15C01EF100F46B97 /* SBJsonStreamWriterAccumulator.h */; };
		92A33D3015C01EF100F46B97 /* SBJsonStreamWriterAccumulator.m in Sources */ = {isa = PBXBuildFile; fileRef = 92A33D1015C01EF100F46B97 /* SBJsonStreamWriterAccumulator.m */; };
		92A33D3115C01EF100F46B97 /* SBJsonStreamWriterAccumulator.m in Sources */ = {isa = PBXBuildFile; fileRef = 92A33D1015C01EF100F46B97 /* SBJsonStreamWriterAccumulator.m */; };
		92A33D3215C01EF100F46B97 /* SBJsonStreamWriterState.h in Headers */ = {isa = PBXBuildFile; fileRef = 92A33D1115C01EF100F46B97 /* SBJsonStreamWriterState.h */; };
		92A33D3315C01EF100F46B97 /* SBJsonStreamWriterState.m in Sources */ = {isa = PBXBuildFile; fileRef = 92A33D1215C01EF100F46B97 /* SBJsonStreamWriterState.m */; };
		92A33D3415C01EF100F46B97 /* SBJsonStreamWriterState.m in Sources */ = {isa = PBXBuildFile; fileRef = 92A33D1215C01EF100F46B97 /* SBJsonStreamWriterState.m */; };
		92A33D3515C01EF100F46B97 /* SBJsonTokeniser.h in Headers */ = {isa = PBXBuildFile; fileRef = 92A33D1315C01EF100F46B97 /* SBJsonTokeniser.h */; };
		92A33D3615C01EF100F46B97 /* SBJsonTokeniser.m in Sources */ = {isa = PBXBuildFile; fileRef = 92A33D1415C01EF100F46B97 /* SBJsonTokeniser.m */; };
		92A33D3715C01EF100F46B97 /* SBJsonTokeniser.m in Sources */ = {isa = PBXBuildFile; fileRef = 92A33D1415C01EF100F46B97 /* SBJsonTokeniser.m */; };
		92A33D3815C01EF100F46B97 /* SBJsonUTF8Stream.h in Headers */ = {isa = PBXBuildFile; fileRef = 92A33D1515C01EF100F46B97 /* SBJsonUTF8Stream.h */; };
		92A33D3915C01EF100F46B97 /* SBJsonUTF8Stream.m in Sources */ = {isa = PBXBuildFile; fileRef = 92A33D1615C01EF100F46B97 /* SBJsonUTF8Stream.m */; };
		92A33D3A15C01EF100F46B97 /* SBJsonUTF8Stream.m in Sources */ = {isa = PBXBuildFile; fileRef = 92A33D1615C01EF100F46B97 /* SBJsonUTF8Stream.m */; };
		92A33D3B15C01EF100F46B97 /* SBJsonWriter.h in Headers */ = {isa = PBXBuildFile; fileRef = 92A33D1715C01EF100F46B97 /* SBJsonWriter.h */; };
		92A33D3C15C01EF100F46B97 /* SBJsonWriter.m in Sources */ = {isa = PBXBuildFile; fileRef = 92A33D1815C01EF100F46B97 /* SBJsonWriter.m */; };
		92A33D3D15C01EF100F46B97 /* SBJsonWriter.m in Sources */ = {isa = PBXBuildFile; fileRef = 92A33D1815C01EF100F46B97 /* SBJsonWriter.m */; };
/* End PBXBuildFile section */

/* Begin PBXContainerItemProxy section */
		92A33CDB15BFAED300F46B97 /* PBXContainerItemProxy */ = {
			isa = PBXContainerItemProxy;
			containerPortal = 92A33CBC15BFAED300F46B97 /* Project object */;
			proxyType = 1;
			remoteGlobalIDString = 92A33CC415BFAED300F46B97;
			remoteInfo = anasa;
		};
/* End PBXContainerItemProxy section */

/* Begin PBXFileReference section */
		92A33CC515BFAED300F46B97 /* libanasa.a */ = {isa = PBXFileReference; explicitFileType = archive.ar; includeInIndex = 0; path = libanasa.a; sourceTree = BUILT_PRODUCTS_DIR; };
		92A33CC815BFAED300F46B97 /* Foundation.framework */ = {isa = PBXFileReference; lastKnownFileType = wrapper.framework; name = Foundation.framework; path = System/Library/Frameworks/Foundation.framework; sourceTree = SDKROOT; };
		92A33CCC15BFAED300F46B97 /* anasa-Prefix.pch */ = {isa = PBXFileReference; lastKnownFileType = sourcecode.c.h; path = "anasa-Prefix.pch"; sourceTree = "<group>"; };
		92A33CCD15BFAED300F46B97 /* MTAsana.h */ = {isa = PBXFileReference; lastKnownFileType = sourcecode.c.h; path = MTAsana.h; sourceTree = "<group>"; };
		92A33CCE15BFAED300F46B97 /* MTAsana.m */ = {isa = PBXFileReference; lastKnownFileType = sourcecode.c.objc; path = MTAsana.m; sourceTree = "<group>"; };
		92A33CD515BFAED300F46B97 /* anasaTests.octest */ = {isa = PBXFileReference; explicitFileType = wrapper.cfbundle; includeInIndex = 0; path = anasaTests.octest; sourceTree = BUILT_PRODUCTS_DIR; };
		92A33CD615BFAED300F46B97 /* SenTestingKit.framework */ = {isa = PBXFileReference; lastKnownFileType = wrapper.framework; name = SenTestingKit.framework; path = Library/Frameworks/SenTestingKit.framework; sourceTree = DEVELOPER_DIR; };
		92A33CD815BFAED300F46B97 /* UIKit.framework */ = {isa = PBXFileReference; lastKnownFileType = wrapper.framework; name = UIKit.framework; path = Library/Frameworks/UIKit.framework; sourceTree = DEVELOPER_DIR; };
		92A33CE015BFAED300F46B97 /* anasaTests-Info.plist */ = {isa = PBXFileReference; lastKnownFileType = text.plist.xml; path = "anasaTests-Info.plist"; sourceTree = "<group>"; };
		92A33CE215BFAED300F46B97 /* en */ = {isa = PBXFileReference; lastKnownFileType = text.plist.strings; name = en; path = en.lproj/InfoPlist.strings; sourceTree = "<group>"; };
		92A33CE415BFAED300F46B97 /* anasaTests.h */ = {isa = PBXFileReference; lastKnownFileType = sourcecode.c.h; path = anasaTests.h; sourceTree = "<group>"; };
		92A33CE515BFAED300F46B97 /* anasaTests.m */ = {isa = PBXFileReference; lastKnownFileType = sourcecode.c.objc; path = anasaTests.m; sourceTree = "<group>"; };
		92A33CEF15BFB54100F46B97 /* NSData+Base64.h */ = {isa = PBXFileReference; fileEncoding = 4; lastKnownFileType = sourcecode.c.h; path = "NSData+Base64.h"; sourceTree = "<group>"; };
		92A33CF015BFB54100F46B97 /* NSData+Base64.m */ = {isa = PBXFileReference; fileEncoding = 4; lastKnownFileType = sourcecode.c.objc; path = "NSData+Base64.m"; sourceTree = "<group>"; };
		92A33D0015C01EF100F46B97 /* NSObject+SBJson.h */ = {isa = PBXFileReference; fileEncoding = 4; lastKnownFileType = sourcecode.c.h; path = "NSObject+SBJson.h"; sourceTree = "<group>"; };
		92A33D0115C01EF100F46B97 /* NSObject+SBJson.m */ = {isa = PBXFileReference; fileEncoding = 4; lastKnownFileType = sourcecode.c.objc; path = "NSObject+SBJson.m"; sourceTree = "<group>"; };
		92A33D0215C01EF100F46B97 /* SBJson.h */ = {isa = PBXFileReference; fileEncoding = 4; lastKnownFileType = sourcecode.c.h; path = SBJson.h; sourceTree = "<group>"; };
		92A33D0315C01EF100F46B97 /* SBJsonParser.h */ = {isa = PBXFileReference; fileEncoding = 4; lastKnownFileType = sourcecode.c.h; path = SBJsonParser.h; sourceTree = "<group>"; };
		92A33D0415C01EF100F46B97 /* SBJsonParser.m */ = {isa = PBXFileReference; fileEncoding = 4; lastKnownFileType = sourcecode.c.objc; path = SBJsonParser.m; sourceTree = "<group>"; };
		92A33D0515C01EF100F46B97 /* SBJsonStreamParser.h */ = {isa = PBXFileReference; fileEncoding = 4; lastKnownFileType = sourcecode.c.h; path = SBJsonStreamParser.h; sourceTree = "<group>"; };
		92A33D0615C01EF100F46B97 /* SBJsonStreamParser.m */ = {isa = PBXFileReference; fileEncoding = 4; lastKnownFileType = sourcecode.c.objc; path = SBJsonStreamParser.m; sourceTree = "<group>"; };
		92A33D0715C01EF100F46B97 /* SBJsonStreamParserAccumulator.h */ = {isa = PBXFileReference; fileEncoding = 4; lastKnownFileType = sourcecode.c.h; path = SBJsonStreamParserAccumulator.h; sourceTree = "<group>"; };
		92A33D0815C01EF100F46B97 /* SBJsonStreamParserAccumulator.m */ = {isa = PBXFileReference; fileEncoding = 4; lastKnownFileType = sourcecode.c.objc; path = SBJsonStreamParserAccumulator.m; sourceTree = "<group>"; };
		92A33D0915C01EF100F46B97 /* SBJsonStreamParserAdapter.h */ = {isa = PBXFileReference; fileEncoding = 4; lastKnownFileType = sourcecode.c.h; path = SBJsonStreamParserAdapter.h; sourceTree = "<group>"; };
		92A33D0A15C01EF100F46B97 /* SBJsonStreamParserAdapter.m */ = {isa = PBXFileReference; fileEncoding = 4; lastKnownFileType = sourcecode.c.objc; path = SBJsonStreamParserAdapter.m; sourceTree = "<group>"; };
		92A33D0B15C01EF100F46B97 /* SBJsonStreamParserState.h */ = {isa = PBXFileReference; fileEncoding = 4; lastKnownFileType = sourcecode.c.h; path = SBJsonStreamParserState.h; sourceTree = "<group>"; };
		92A33D0C15C01EF100F46B97 /* SBJsonStreamParserState.m */ = {isa = PBXFileReference; fileEncoding = 4; lastKnownFileType = sourcecode.c.objc; path = SBJsonStreamParserState.m; sourceTree = "<group>"; };
		92A33D0D15C01EF100F46B97 /* SBJsonStreamWriter.h */ = {isa = PBXFileReference; fileEncoding = 4; lastKnownFileType = sourcecode.c.h; path = SBJsonStreamWriter.h; sourceTree = "<group>"; };
		92A33D0E15C01EF100F46B97 /* SBJsonStreamWriter.m */ = {isa = PBXFileReference; fileEncoding = 4; lastKnownFileType = sourcecode.c.objc; path = SBJsonStreamWriter.m; sourceTree = "<group>"; };
		92A33D0F15C01EF100F46B97 /* SBJsonStreamWriterAccumulator.h */ = {isa = PBXFileReference; fileEncoding = 4; lastKnownFileType = sourcecode.c.h; path = SBJsonStreamWriterAccumulator.h; sourceTree = "<group>"; };
		92A33D1015C01EF100F46B97 /* SBJsonStreamWriterAccumulator.m */ = {isa = PBXFileReference; fileEncoding = 4; lastKnownFileType = sourcecode.c.objc; path = SBJsonStreamWriterAccumulator.m; sourceTree = "<group>"; };
		92A33D1115C01EF100F46B97 /* SBJsonStreamWriterState.h */ = {isa = PBXFileReference; fileEncoding = 4; lastKnownFileType = sourcecode.c.h; path = SBJsonStreamWriterState.h; sourceTree = "<group>"; };
		92A33D1215C01EF100F46B97 /* SBJsonStreamWriterState.m */ = {isa = PBXFileReference; fileEncoding = 4; lastKnownFileType = sourcecode.c.objc; path = SBJsonStreamWriterState.m; sourceTree = "<group>"; };
		92A33D1315C01EF100F46B97 /* SBJsonTokeniser.h */ = {isa = PBXFileReference; fileEncoding = 4; lastKnownFileType = sourcecode.c.h; path = SBJsonTokeniser.h; sourceTree = "<group>"; };
		92A33D1415C01EF100F46B97 /* SBJsonTokeniser.m */ = {isa = PBXFileReference; fileEncoding = 4; lastKnownFileType = sourcecode.c.objc; path = SBJsonTokeniser.m; sourceTree = "<group>"; };
		92A33D1515C01EF100F46B97 /* SBJsonUTF8Stream.h */ = {isa = PBXFileReference; fileEncoding = 4; lastKnownFileType = sourcecode.c.h; path = SBJsonUTF8Stream.h; sourceTree = "<group>"; };
		92A33D1615C01EF100F46B97 /* SBJsonUTF8Stream.m */ = {isa = PBXFileReference; fileEncoding = 4; lastKnownFileType = sourcecode.c.objc; path = SBJsonUTF8Stream.m; sourceTree = "<group>"; };
		92A33D1715C01EF100F46B97 /* SBJsonWriter.h */ = {isa = PBXFileReference; fileEncoding = 4; lastKnownFileType = sourcecode.c.h; path = SBJsonWriter.h; sourceTree = "<group>"; };
		92A33D1815C01EF100F46B97 /* SBJsonWriter.m */ = {isa = PBXFileReference; fileEncoding = 4; lastKnownFileType = sourcecode.c.objc; path = SBJsonWriter.m; sourceTree = "<group>"; };
		92A33D4115C0219F00F46B97 /* anasaApiKey.h */ = {isa = PBXFileReference; fileEncoding = 4; lastKnownFileType = sourcecode.c.h; path = anasaApiKey.h; sourceTree = "<group>"; };
/* End PBXFileReference section */

/* Begin PBXFrameworksBuildPhase section */
		92A33CC215BFAED300F46B97 /* Frameworks */ = {
			isa = PBXFrameworksBuildPhase;
			buildActionMask = 2147483647;
			files = (
				92A33CC915BFAED300F46B97 /* Foundation.framework in Frameworks */,
			);
			runOnlyForDeploymentPostprocessing = 0;
		};
		92A33CD115BFAED300F46B97 /* Frameworks */ = {
			isa = PBXFrameworksBuildPhase;
			buildActionMask = 2147483647;
			files = (
				92A33CD715BFAED300F46B97 /* SenTestingKit.framework in Frameworks */,
				92A33CD915BFAED300F46B97 /* UIKit.framework in Frameworks */,
				92A33CDA15BFAED300F46B97 /* Foundation.framework in Frameworks */,
				92A33CDD15BFAED300F46B97 /* libanasa.a in Frameworks */,
			);
			runOnlyForDeploymentPostprocessing = 0;
		};
/* End PBXFrameworksBuildPhase section */

/* Begin PBXGroup section */
		92A33CBA15BFAED300F46B97 = {
			isa = PBXGroup;
			children = (
				92A33CCA15BFAED300F46B97 /* anasa */,
				92A33CDE15BFAED300F46B97 /* anasaTests */,
				92A33CC715BFAED300F46B97 /* Frameworks */,
				92A33CC615BFAED300F46B97 /* Products */,
			);
			sourceTree = "<group>";
		};
		92A33CC615BFAED300F46B97 /* Products */ = {
			isa = PBXGroup;
			children = (
				92A33CC515BFAED300F46B97 /* libanasa.a */,
				92A33CD515BFAED300F46B97 /* anasaTests.octest */,
			);
			name = Products;
			sourceTree = "<group>";
		};
		92A33CC715BFAED300F46B97 /* Frameworks */ = {
			isa = PBXGroup;
			children = (
				92A33CC815BFAED300F46B97 /* Foundation.framework */,
				92A33CD615BFAED300F46B97 /* SenTestingKit.framework */,
				92A33CD815BFAED300F46B97 /* UIKit.framework */,
			);
			name = Frameworks;
			sourceTree = "<group>";
		};
		92A33CCA15BFAED300F46B97 /* anasa */ = {
			isa = PBXGroup;
			children = (
				92A33CCD15BFAED300F46B97 /* MTAsana.h */,
				92A33CCE15BFAED300F46B97 /* MTAsana.m */,
				92A33CCB15BFAED300F46B97 /* Supporting Files */,
			);
			path = anasa;
			sourceTree = "<group>";
		};
		92A33CCB15BFAED300F46B97 /* Supporting Files */ = {
			isa = PBXGroup;
			children = (
				92A33CFF15C01EF100F46B97 /* SBJson */,
				92A33CEF15BFB54100F46B97 /* NSData+Base64.h */,
				92A33CF015BFB54100F46B97 /* NSData+Base64.m */,
				92A33CCC15BFAED300F46B97 /* anasa-Prefix.pch */,
			);
			name = "Supporting Files";
			sourceTree = "<group>";
		};
		92A33CDE15BFAED300F46B97 /* anasaTests */ = {
			isa = PBXGroup;
			children = (
				92A33CE415BFAED300F46B97 /* anasaTests.h */,
				92A33CE515BFAED300F46B97 /* anasaTests.m */,
				92A33CDF15BFAED300F46B97 /* Supporting Files */,
			);
			path = anasaTests;
			sourceTree = "<group>";
		};
		92A33CDF15BFAED300F46B97 /* Supporting Files */ = {
			isa = PBXGroup;
			children = (
				92A33D4115C0219F00F46B97 /* anasaApiKey.h */,
				92A33CE015BFAED300F46B97 /* anasaTests-Info.plist */,
				92A33CE115BFAED300F46B97 /* InfoPlist.strings */,
			);
			name = "Supporting Files";
			sourceTree = "<group>";
		};
		92A33CFF15C01EF100F46B97 /* SBJson */ = {
			isa = PBXGroup;
			children = (
				92A33D0015C01EF100F46B97 /* NSObject+SBJson.h */,
				92A33D0115C01EF100F46B97 /* NSObject+SBJson.m */,
				92A33D0215C01EF100F46B97 /* SBJson.h */,
				92A33D0315C01EF100F46B97 /* SBJsonParser.h */,
				92A33D0415C01EF100F46B97 /* SBJsonParser.m */,
				92A33D0515C01EF100F46B97 /* SBJsonStreamParser.h */,
				92A33D0615C01EF100F46B97 /* SBJsonStreamParser.m */,
				92A33D0715C01EF100F46B97 /* SBJsonStreamParserAccumulator.h */,
				92A33D0815C01EF100F46B97 /* SBJsonStreamParserAccumulator.m */,
				92A33D0915C01EF100F46B97 /* SBJsonStreamParserAdapter.h */,
				92A33D0A15C01EF100F46B97 /* SBJsonStreamParserAdapter.m */,
				92A33D0B15C01EF100F46B97 /* SBJsonStreamParserState.h */,
				92A33D0C15C01EF100F46B97 /* SBJsonStreamParserState.m */,
				92A33D0D15C01EF100F46B97 /* SBJsonStreamWriter.h */,
				92A33D0E15C01EF100F46B97 /* SBJsonStreamWriter.m */,
				92A33D0F15C01EF100F46B97 /* SBJsonStreamWriterAccumulator.h */,
				92A33D1015C01EF100F46B97 /* SBJsonStreamWriterAccumulator.m */,
				92A33D1115C01EF100F46B97 /* SBJsonStreamWriterState.h */,
				92A33D1215C01EF100F46B97 /* SBJsonStreamWriterState.m */,
				92A33D1315C01EF100F46B97 /* SBJsonTokeniser.h */,
				92A33D1415C01EF100F46B97 /* SBJsonTokeniser.m */,
				92A33D1515C01EF100F46B97 /* SBJsonUTF8Stream.h */,
				92A33D1615C01EF100F46B97 /* SBJsonUTF8Stream.m */,
				92A33D1715C01EF100F46B97 /* SBJsonWriter.h */,
				92A33D1815C01EF100F46B97 /* SBJsonWriter.m */,
			);
			path = SBJson;
			sourceTree = "<group>";
		};
/* End PBXGroup section */

/* Begin PBXHeadersBuildPhase section */
		92A33CC315BFAED300F46B97 /* Headers */ = {
			isa = PBXHeadersBuildPhase;
			buildActionMask = 2147483647;
			files = (
				92A33CF115BFB54100F46B97 /* NSData+Base64.h in Headers */,
				92A33D1915C01EF100F46B97 /* NSObject+SBJson.h in Headers */,
				92A33D1C15C01EF100F46B97 /* SBJson.h in Headers */,
				92A33D1D15C01EF100F46B97 /* SBJsonParser.h in Headers */,
				92A33D2015C01EF100F46B97 /* SBJsonStreamParser.h in Headers */,
				92A33D2315C01EF100F46B97 /* SBJsonStreamParserAccumulator.h in Headers */,
				92A33D2615C01EF100F46B97 /* SBJsonStreamParserAdapter.h in Headers */,
				92A33D2915C01EF100F46B97 /* SBJsonStreamParserState.h in Headers */,
				92A33D2C15C01EF100F46B97 /* SBJsonStreamWriter.h in Headers */,
				92A33D2F15C01EF100F46B97 /* SBJsonStreamWriterAccumulator.h in Headers */,
				92A33D3215C01EF100F46B97 /* SBJsonStreamWriterState.h in Headers */,
				92A33D3515C01EF100F46B97 /* SBJsonTokeniser.h in Headers */,
				92A33D3815C01EF100F46B97 /* SBJsonUTF8Stream.h in Headers */,
				92A33D3B15C01EF100F46B97 /* SBJsonWriter.h in Headers */,
			);
			runOnlyForDeploymentPostprocessing = 0;
		};
/* End PBXHeadersBuildPhase section */

/* Begin PBXNativeTarget section */
		92A33CC415BFAED300F46B97 /* anasa */ = {
			isa = PBXNativeTarget;
			buildConfigurationList = 92A33CE915BFAED300F46B97 /* Build configuration list for PBXNativeTarget "anasa" */;
			buildPhases = (
				92A33CC115BFAED300F46B97 /* Sources */,
				92A33CC215BFAED300F46B97 /* Frameworks */,
				92A33CC315BFAED300F46B97 /* Headers */,
			);
			buildRules = (
			);
			dependencies = (
			);
			name = anasa;
			productName = anasa;
			productReference = 92A33CC515BFAED300F46B97 /* libanasa.a */;
			productType = "com.apple.product-type.library.static";
		};
		92A33CD415BFAED300F46B97 /* anasaTests */ = {
			isa = PBXNativeTarget;
			buildConfigurationList = 92A33CEC15BFAED300F46B97 /* Build configuration list for PBXNativeTarget "anasaTests" */;
			buildPhases = (
				92A33CD015BFAED300F46B97 /* Sources */,
				92A33CD115BFAED300F46B97 /* Frameworks */,
				92A33CD215BFAED300F46B97 /* Resources */,
				92A33CD315BFAED300F46B97 /* ShellScript */,
			);
			buildRules = (
			);
			dependencies = (
				92A33CDC15BFAED300F46B97 /* PBXTargetDependency */,
			);
			name = anasaTests;
			productName = anasaTests;
			productReference = 92A33CD515BFAED300F46B97 /* anasaTests.octest */;
			productType = "com.apple.product-type.bundle";
		};
/* End PBXNativeTarget section */

/* Begin PBXProject section */
		92A33CBC15BFAED300F46B97 /* Project object */ = {
			isa = PBXProject;
			attributes = {
				LastUpgradeCheck = 0430;
				ORGANIZATIONNAME = mootoh.net;
			};
			buildConfigurationList = 92A33CBF15BFAED300F46B97 /* Build configuration list for PBXProject "anasa" */;
			compatibilityVersion = "Xcode 3.2";
			developmentRegion = English;
			hasScannedForEncodings = 0;
			knownRegions = (
				en,
			);
			mainGroup = 92A33CBA15BFAED300F46B97;
			productRefGroup = 92A33CC615BFAED300F46B97 /* Products */;
			projectDirPath = "";
			projectRoot = "";
			targets = (
				92A33CC415BFAED300F46B97 /* anasa */,
				92A33CD415BFAED300F46B97 /* anasaTests */,
			);
		};
/* End PBXProject section */

/* Begin PBXResourcesBuildPhase section */
		92A33CD215BFAED300F46B97 /* Resources */ = {
			isa = PBXResourcesBuildPhase;
			buildActionMask = 2147483647;
			files = (
				92A33CE315BFAED300F46B97 /* InfoPlist.strings in Resources */,
			);
			runOnlyForDeploymentPostprocessing = 0;
		};
/* End PBXResourcesBuildPhase section */

/* Begin PBXShellScriptBuildPhase section */
		92A33CD315BFAED300F46B97 /* ShellScript */ = {
			isa = PBXShellScriptBuildPhase;
			buildActionMask = 2147483647;
			files = (
			);
			inputPaths = (
			);
			outputPaths = (
			);
			runOnlyForDeploymentPostprocessing = 0;
			shellPath = /bin/sh;
			shellScript = "# Run the unit tests in this test bundle.\n\"${SYSTEM_DEVELOPER_DIR}/Tools/RunUnitTests\"\n";
		};
/* End PBXShellScriptBuildPhase section */

/* Begin PBXSourcesBuildPhase section */
		92A33CC115BFAED300F46B97 /* Sources */ = {
			isa = PBXSourcesBuildPhase;
			buildActionMask = 2147483647;
			files = (
				92A33CCF15BFAED300F46B97 /* MTAsana.m in Sources */,
				92A33CF215BFB54100F46B97 /* NSData+Base64.m in Sources */,
				92A33D1A15C01EF100F46B97 /* NSObject+SBJson.m in Sources */,
				92A33D1E15C01EF100F46B97 /* SBJsonParser.m in Sources */,
				92A33D2115C01EF100F46B97 /* SBJsonStreamParser.m in Sources */,
				92A33D2415C01EF100F46B97 /* SBJsonStreamParserAccumulator.m in Sources */,
				92A33D2715C01EF100F46B97 /* SBJsonStreamParserAdapter.m in Sources */,
				92A33D2A15C01EF100F46B97 /* SBJsonStreamParserState.m in Sources */,
				92A33D2D15C01EF100F46B97 /* SBJsonStreamWriter.m in Sources */,
				92A33D3015C01EF100F46B97 /* SBJsonStreamWriterAccumulator.m in Sources */,
				92A33D3315C01EF100F46B97 /* SBJsonStreamWriterState.m in Sources */,
				92A33D3615C01EF100F46B97 /* SBJsonTokeniser.m in Sources */,
				92A33D3915C01EF100F46B97 /* SBJsonUTF8Stream.m in Sources */,
				92A33D3C15C01EF100F46B97 /* SBJsonWriter.m in Sources */,
			);
			runOnlyForDeploymentPostprocessing = 0;
		};
		92A33CD015BFAED300F46B97 /* Sources */ = {
			isa = PBXSourcesBuildPhase;
			buildActionMask = 2147483647;
			files = (
				92A33CE615BFAED300F46B97 /* anasaTests.m in Sources */,
				92A33CF315BFB6C600F46B97 /* NSData+Base64.m in Sources */,
				92A33D1B15C01EF100F46B97 /* NSObject+SBJson.m in Sources */,
				92A33D1F15C01EF100F46B97 /* SBJsonParser.m in Sources */,
				92A33D2215C01EF100F46B97 /* SBJsonStreamParser.m in Sources */,
				92A33D2515C01EF100F46B97 /* SBJsonStreamParserAccumulator.m in Sources */,
				92A33D2815C01EF100F46B97 /* SBJsonStreamParserAdapter.m in Sources */,
				92A33D2B15C01EF100F46B97 /* SBJsonStreamParserState.m in Sources */,
				92A33D2E15C01EF100F46B97 /* SBJsonStreamWriter.m in Sources */,
				92A33D3115C01EF100F46B97 /* SBJsonStreamWriterAccumulator.m in Sources */,
				92A33D3415C01EF100F46B97 /* SBJsonStreamWriterState.m in Sources */,
				92A33D3715C01EF100F46B97 /* SBJsonTokeniser.m in Sources */,
				92A33D3A15C01EF100F46B97 /* SBJsonUTF8Stream.m in Sources */,
				92A33D3D15C01EF100F46B97 /* SBJsonWriter.m in Sources */,
			);
			runOnlyForDeploymentPostprocessing = 0;
		};
/* End PBXSourcesBuildPhase section */

/* Begin PBXTargetDependency section */
		92A33CDC15BFAED300F46B97 /* PBXTargetDependency */ = {
			isa = PBXTargetDependency;
			target = 92A33CC415BFAED300F46B97 /* anasa */;
			targetProxy = 92A33CDB15BFAED300F46B97 /* PBXContainerItemProxy */;
		};
/* End PBXTargetDependency section */

/* Begin PBXVariantGroup section */
		92A33CE115BFAED300F46B97 /* InfoPlist.strings */ = {
			isa = PBXVariantGroup;
			children = (
				92A33CE215BFAED300F46B97 /* en */,
			);
			name = InfoPlist.strings;
			sourceTree = "<group>";
		};
/* End PBXVariantGroup section */

/* Begin XCBuildConfiguration section */
		92A33CE715BFAED300F46B97 /* Debug */ = {
			isa = XCBuildConfiguration;
			buildSettings = {
				ALWAYS_SEARCH_USER_PATHS = NO;
				ARCHS = "$(ARCHS_STANDARD_32_BIT)";
				CLANG_ENABLE_OBJC_ARC = YES;
				COPY_PHASE_STRIP = NO;
				GCC_C_LANGUAGE_STANDARD = gnu99;
				GCC_DYNAMIC_NO_PIC = NO;
				GCC_OPTIMIZATION_LEVEL = 0;
				GCC_PREPROCESSOR_DEFINITIONS = (
					"DEBUG=1",
					"$(inherited)",
				);
				GCC_SYMBOLS_PRIVATE_EXTERN = NO;
				GCC_VERSION = com.apple.compilers.llvm.clang.1_0;
				GCC_WARN_ABOUT_RETURN_TYPE = YES;
				GCC_WARN_UNINITIALIZED_AUTOS = YES;
				GCC_WARN_UNUSED_VARIABLE = YES;
				IPHONEOS_DEPLOYMENT_TARGET = 5.1;
				SDKROOT = iphoneos;
			};
			name = Debug;
		};
		92A33CE815BFAED300F46B97 /* Release */ = {
			isa = XCBuildConfiguration;
			buildSettings = {
				ALWAYS_SEARCH_USER_PATHS = NO;
				ARCHS = "$(ARCHS_STANDARD_32_BIT)";
				CLANG_ENABLE_OBJC_ARC = YES;
				COPY_PHASE_STRIP = YES;
				GCC_C_LANGUAGE_STANDARD = gnu99;
				GCC_VERSION = com.apple.compilers.llvm.clang.1_0;
				GCC_WARN_ABOUT_RETURN_TYPE = YES;
				GCC_WARN_UNINITIALIZED_AUTOS = YES;
				GCC_WARN_UNUSED_VARIABLE = YES;
				IPHONEOS_DEPLOYMENT_TARGET = 5.1;
				SDKROOT = iphoneos;
				VALIDATE_PRODUCT = YES;
			};
			name = Release;
		};
		92A33CEA15BFAED300F46B97 /* Debug */ = {
			isa = XCBuildConfiguration;
			buildSettings = {
				DSTROOT = /tmp/anasa.dst;
				GCC_PRECOMPILE_PREFIX_HEADER = YES;
				GCC_PREFIX_HEADER = "anasa/anasa-Prefix.pch";
				OTHER_LDFLAGS = "-ObjC";
				PRODUCT_NAME = "$(TARGET_NAME)";
				SKIP_INSTALL = YES;
			};
			name = Debug;
		};
		92A33CEB15BFAED300F46B97 /* Release */ = {
			isa = XCBuildConfiguration;
			buildSettings = {
				DSTROOT = /tmp/anasa.dst;
				GCC_PRECOMPILE_PREFIX_HEADER = YES;
				GCC_PREFIX_HEADER = "anasa/anasa-Prefix.pch";
				OTHER_LDFLAGS = "-ObjC";
				PRODUCT_NAME = "$(TARGET_NAME)";
				SKIP_INSTALL = YES;
			};
			name = Release;
		};
		92A33CED15BFAED300F46B97 /* Debug */ = {
			isa = XCBuildConfiguration;
			buildSettings = {
				FRAMEWORK_SEARCH_PATHS = (
					"$(SDKROOT)/Developer/Library/Frameworks",
					"$(DEVELOPER_LIBRARY_DIR)/Frameworks",
				);
				GCC_PRECOMPILE_PREFIX_HEADER = YES;
				GCC_PREFIX_HEADER = "anasa/anasa-Prefix.pch";
				INFOPLIST_FILE = "anasaTests/anasaTests-Info.plist";
				PRODUCT_NAME = "$(TARGET_NAME)";
				WRAPPER_EXTENSION = octest;
			};
			name = Debug;
		};
		92A33CEE15BFAED300F46B97 /* Release */ = {
			isa = XCBuildConfiguration;
			buildSettings = {
				FRAMEWORK_SEARCH_PATHS = (
					"$(SDKROOT)/Developer/Library/Frameworks",
					"$(DEVELOPER_LIBRARY_DIR)/Frameworks",
				);
				GCC_PRECOMPILE_PREFIX_HEADER = YES;
				GCC_PREFIX_HEADER = "anasa/anasa-Prefix.pch";
				INFOPLIST_FILE = "anasaTests/anasaTests-Info.plist";
				PRODUCT_NAME = "$(TARGET_NAME)";
				WRAPPER_EXTENSION = octest;
			};
			name = Release;
		};
/* End XCBuildConfiguration section */

/* Begin XCConfigurationList section */
		92A33CBF15BFAED300F46B97 /* Build configuration list for PBXProject "anasa" */ = {
			isa = XCConfigurationList;
			buildConfigurations = (
				92A33CE715BFAED300F46B97 /* Debug */,
				92A33CE815BFAED300F46B97 /* Release */,
			);
			defaultConfigurationIsVisible = 0;
			defaultConfigurationName = Release;
		};
		92A33CE915BFAED300F46B97 /* Build configuration list for PBXNativeTarget "anasa" */ = {
			isa = XCConfigurationList;
			buildConfigurations = (
				92A33CEA15BFAED300F46B97 /* Debug */,
				92A33CEB15BFAED300F46B97 /* Release */,
			);
			defaultConfigurationIsVisible = 0;
			defaultConfigurationName = Release;
		};
		92A33CEC15BFAED300F46B97 /* Build configuration list for PBXNativeTarget "anasaTests" */ = {
			isa = XCConfigurationList;
			buildConfigurations = (
				92A33CED15BFAED300F46B97 /* Debug */,
				92A33CEE15BFAED300F46B97 /* Release */,
			);
			defaultConfigurationIsVisible = 0;
			defaultConfigurationName = Release;
		};
/* End XCConfigurationList section */
	};
	rootObject = 92A33CBC15BFAED300F46B97 /* Project object */;
}
